
Microsoft Visual Studio Solution File, Format Version 12.00
# Visual Studio Version 16
VisualStudioVersion = 16.0.30517.126
MinimumVisualStudioVersion = 10.0.40219.1
Project("{FAE04EC0-301F-11D3-BF4B-00C04F79EFBC}") = "Portugalia", "Portugalia\Portugalia.csproj", "{77DC90E1-E652-457C-B652-6527C0FB465E}"
EndProject
Global
	GlobalSection(SolutionConfigurationPlatforms) = preSolution
		Debug|Any CPU = Debug|Any CPU
		Release|Any CPU = Release|Any CPU
	EndGlobalSection
	GlobalSection(ProjectConfigurationPlatforms) = postSolution
		{77DC90E1-E652-457C-B652-6527C0FB465E}.Debug|Any CPU.ActiveCfg = Debug|Any CPU
		{77DC90E1-E652-457C-B652-6527C0FB465E}.Debug|Any CPU.Build.0 = Debug|Any CPU
		{77DC90E1-E652-457C-B652-6527C0FB465E}.Release|Any CPU.ActiveCfg = Release|Any CPU
		{77DC90E1-E652-457C-B652-6527C0FB465E}.Release|Any CPU.Build.0 = Release|Any CPU
	EndGlobalSection
	GlobalSection(SolutionProperties) = preSolution
		HideSolutionNode = FALSE
	EndGlobalSection
	GlobalSection(ExtensibilityGlobals) = postSolution
		SolutionGuid = {2CD1474E-E0EC-4B52-A058-DC9805F03E24}
	EndGlobalSection
EndGlobal
